# Generated by pub
# See https://dart.dev/tools/pub/glossary#lockfile
packages:
  args:
    dependency: transitive
    description:
      name: args
      sha256: d0481093c50b1da8910eb0bb301626d4d8eb7284aa739614d2b394ee09e3ea04
      url: "https://pub.dev"
    source: hosted
    version: "2.7.0"
  async:
    dependency: transitive
    description:
      name: async
      sha256: "758e6d74e971c3e5aceb4110bfd6698efc7f501675bcfe0c775459a8140750eb"
      url: "https://pub.dev"
    source: hosted
    version: "2.13.0"
  characters:
    dependency: transitive
    description:
      name: characters
      sha256: "04a925763edad70e8443c99234dc3328f442e811f1d8fd1a72f1c8ad0f69a605"
      url: "https://pub.dev"
    source: hosted
    version: "1.3.0"
  clock:
    dependency: transitive
    description:
      name: clock
      sha256: cb6d7f03e1de671e34607e909a7213e31d7752be4fb66a86d29fe1eb14bfb5cf
      url: "https://pub.dev"
    source: hosted
    version: "1.1.1"
  collection:
    dependency: "direct main"
    description:
      name: collection
      sha256: ee67cb0715911d28db6bf4af1026078bd6f0128b07a5f66fb2ed94ec6783c09a
      url: "https://pub.dev"
    source: hosted
    version: "1.18.0"
  cross_file:
    dependency: transitive
    description:
      name: cross_file
      sha256: "7caf6a750a0c04effbb52a676dce9a4a592e10ad35c34d6d2d0e4811160d5670"
      url: "https://pub.dev"
    source: hosted
    version: "0.3.4+2"
  crypto:
    dependency: transitive
    description:
      name: crypto
      sha256: "1e445881f28f22d6140f181e07737b22f1e099a5e1ff94b0af2f9e4a463f4855"
      url: "https://pub.dev"
    source: hosted
    version: "3.0.6"
  faiadashu:
    dependency: "direct main"
    description:
      path: ".."
      relative: true
    source: path
    version: "0.8.0"
  faiadashu_online:
    dependency: "direct main"
    description:
      path: "../faiadashu_online"
      relative: true
    source: path
    version: "0.8.0"
  ffi:
    dependency: transitive
    description:
      name: ffi
      sha256: "16ed7b077ef01ad6170a3d0c57caa4a112a38d7a2ed5602e0aca9ca6f3d98da6"
      url: "https://pub.dev"
    source: hosted
    version: "2.1.3"
  fhir:
    dependency: "direct main"
    description:
      name: fhir
      sha256: d255189e3314e6b67654d8cba448460d019532eff654191f374b8709bc4185bd
      url: "https://pub.dev"
    source: hosted
    version: "0.8.0"
  fhir_at_rest:
    dependency: transitive
    description:
      name: fhir_at_rest
      sha256: "3b6915b9d95c48fa6369c12fdc9430d51f4644a3d48c76caad9c51126d39ed75"
      url: "https://pub.dev"
    source: hosted
    version: "0.8.4"
  fhir_auth:
    dependency: "direct main"
    description:
      name: fhir_auth
      sha256: "5081e5fba81812c7d47768be5b096dbb9787cdd59a742e2272700687d6ac067c"
      url: "https://pub.dev"
    source: hosted
    version: "0.8.0"
  fhir_path:
    dependency: transitive
    description:
      name: fhir_path
      sha256: eef12419e4e62feb51176b6c5f4038980cb0140eb79ec67f92dd000e2d589cda
      url: "https://pub.dev"
    source: hosted
    version: "0.8.0"
  fhir_yaml:
    dependency: transitive
    description:
      name: fhir_yaml
      sha256: "59aad5ead24d602142aa2e5745596fe7ef1472496ef29ea3ce3283f3c917c964"
      url: "https://pub.dev"
    source: hosted
    version: "0.8.0"
  file:
    dependency: "direct main"
    description:
      name: file
      sha256: "1b92bec4fc2a72f59a8e15af5f52cd441e4a7860b49499d69dfa817af20e925d"
      url: "https://pub.dev"
    source: hosted
    version: "6.1.4"
  file_selector:
    dependency: transitive
    description:
      name: file_selector
      sha256: "5019692b593455127794d5718304ff1ae15447dea286cdda9f0db2a796a1b828"
      url: "https://pub.dev"
    source: hosted
    version: "1.0.3"
  file_selector_android:
    dependency: transitive
    description:
      name: file_selector_android
      sha256: "98ac58e878b05ea2fdb204e7f4fc4978d90406c9881874f901428e01d3b18fbc"
      url: "https://pub.dev"
    source: hosted
    version: "0.5.1+12"
  file_selector_ios:
    dependency: transitive
    description:
      name: file_selector_ios
      sha256: "94b98ad950b8d40d96fee8fa88640c2e4bd8afcdd4817993bd04e20310f45420"
      url: "https://pub.dev"
    source: hosted
    version: "0.5.3+1"
  file_selector_linux:
    dependency: transitive
    description:
      name: file_selector_linux
      sha256: "54cbbd957e1156d29548c7d9b9ec0c0ebb6de0a90452198683a7d23aed617a33"
      url: "https://pub.dev"
    source: hosted
    version: "0.9.3+2"
  file_selector_macos:
    dependency: transitive
    description:
      name: file_selector_macos
      sha256: "271ab9986df0c135d45c3cdb6bd0faa5db6f4976d3e4b437cf7d0f258d941bfc"
      url: "https://pub.dev"
    source: hosted
    version: "0.9.4+2"
  file_selector_platform_interface:
    dependency: transitive
    description:
      name: file_selector_platform_interface
      sha256: a3994c26f10378a039faa11de174d7b78eb8f79e4dd0af2a451410c1a5c3f66b
      url: "https://pub.dev"
    source: hosted
    version: "2.6.2"
  file_selector_web:
    dependency: transitive
    description:
      name: file_selector_web
      sha256: c4c0ea4224d97a60a7067eca0c8fd419e708ff830e0c83b11a48faf566cec3e7
      url: "https://pub.dev"
    source: hosted
    version: "0.9.4+2"
  file_selector_windows:
    dependency: transitive
    description:
      name: file_selector_windows
      sha256: "320fcfb6f33caa90f0b58380489fc5ac05d99ee94b61aa96ec2bff0ba81d3c2b"
      url: "https://pub.dev"
    source: hosted
    version: "0.9.3+4"
  filesize:
    dependency: transitive
    description:
      name: filesize
      sha256: f53df1f27ff60e466eefcd9df239e02d4722d5e2debee92a87dfd99ac66de2af
      url: "https://pub.dev"
    source: hosted
    version: "2.0.1"
  flutter:
    dependency: "direct main"
    description: flutter
    source: sdk
    version: "0.0.0"
  flutter_localizations:
    dependency: "direct main"
    description: flutter
    source: sdk
    version: "0.0.0"
  flutter_web_auth:
    dependency: transitive
    description:
      name: flutter_web_auth
      sha256: "8c364d8157b299c95f062bbd7bf428bb80c272d7ed3b8f0e6c7028e037e82c76"
      url: "https://pub.dev"
    source: hosted
    version: "0.4.3"
  flutter_web_plugins:
    dependency: transitive
    description: flutter
    source: sdk
    version: "0.0.0"
  freezed_annotation:
    dependency: transitive
    description:
      name: freezed_annotation
      sha256: c2e2d632dd9b8a2b7751117abcfc2b4888ecfe181bd9fca7170d9ef02e595fe2
      url: "https://pub.dev"
    source: hosted
    version: "2.4.4"
  google_fonts:
    dependency: "direct main"
    description:
      name: google_fonts
      sha256: "6b6f10f0ce3c42f6552d1c70d2c28d764cf22bb487f50f66cca31dcd5194f4d6"
      url: "https://pub.dev"
    source: hosted
    version: "4.0.4"
  google_sign_in:
    dependency: transitive
    description:
      name: google_sign_in
      sha256: "821f354c053d51a2d417b02d42532a19a6ea8057d2f9ebb8863c07d81c98aaf9"
      url: "https://pub.dev"
    source: hosted
    version: "5.4.4"
  google_sign_in_android:
    dependency: transitive
    description:
      name: google_sign_in_android
      sha256: "7af72e5502c313865c729223b60e8ae7bce0a1011b250c24edcf30d3d7032748"
      url: "https://pub.dev"
    source: hosted
    version: "6.1.35"
  google_sign_in_ios:
    dependency: transitive
    description:
      name: google_sign_in_ios
      sha256: "102005f498ce18442e7158f6791033bbc15ad2dcc0afa4cf4752e2722a516c96"
      url: "https://pub.dev"
    source: hosted
    version: "5.9.0"
  google_sign_in_platform_interface:
    dependency: transitive
    description:
      name: google_sign_in_platform_interface
      sha256: "5f6f79cf139c197261adb6ac024577518ae48fdff8e53205c5373b5f6430a8aa"
      url: "https://pub.dev"
    source: hosted
    version: "2.5.0"
  google_sign_in_web:
    dependency: transitive
    description:
      name: google_sign_in_web
      sha256: "75cc41ebc53b1756320ee14d9c3018ad3e6cea298147dbcd86e9d0c8d6720b40"
      url: "https://pub.dev"
    source: hosted
    version: "0.10.2+1"
  html_unescape:
    dependency: transitive
    description:
      name: html_unescape
      sha256: "15362d7a18f19d7b742ef8dcb811f5fd2a2df98db9f80ea393c075189e0b61e3"
      url: "https://pub.dev"
    source: hosted
    version: "2.0.0"
  http:
    dependency: transitive
    description:
      name: http
      sha256: "5895291c13fa8a3bd82e76d5627f69e0d85ca6a30dcac95c4ea19a5d555879c2"
      url: "https://pub.dev"
    source: hosted
    version: "0.13.6"
  http_parser:
    dependency: transitive
    description:
      name: http_parser
      sha256: "2aa08ce0341cc9b354a498388e30986515406668dbcc4f7c950c3e715496693b"
      url: "https://pub.dev"
    source: hosted
    version: "4.0.2"
  intl:
    dependency: "direct main"
    description:
      name: intl
      sha256: d6f56758b7d3014a48af9701c085700aac781a92a87a62b1333b46d8879661cf
      url: "https://pub.dev"
    source: hosted
    version: "0.19.0"
  js:
    dependency: transitive
    description:
      name: js
      sha256: f2c445dce49627136094980615a031419f7f3eb393237e4ecd97ac15dea343f3
      url: "https://pub.dev"
    source: hosted
    version: "0.6.7"
  json_annotation:
    dependency: transitive
    description:
      name: json_annotation
      sha256: "1ce844379ca14835a50d2f019a3099f419082cfdd231cd86a142af94dd5c6bb1"
      url: "https://pub.dev"
    source: hosted
    version: "4.9.0"
  lint:
    dependency: "direct dev"
    description:
      name: lint
      sha256: "4a539aa34ec5721a2c7574ae2ca0336738ea4adc2a34887d54b7596310b33c85"
      url: "https://pub.dev"
    source: hosted
    version: "1.10.0"
  logging:
    dependency: "direct main"
    description:
      name: logging
      sha256: c8245ada5f1717ed44271ed1c26b8ce85ca3228fd2ffdb75468ab01979309d61
      url: "https://pub.dev"
    source: hosted
    version: "1.3.0"
  markdown:
    dependency: transitive
    description:
      name: markdown
      sha256: "935e23e1ff3bc02d390bad4d4be001208ee92cc217cb5b5a6c19bc14aaa318c1"
      url: "https://pub.dev"
    source: hosted
    version: "7.3.0"
  material_color_utilities:
    dependency: transitive
    description:
      name: material_color_utilities
      sha256: f7142bb1154231d7ea5f96bc7bde4bda2a0945d2806bb11670e30b850d56bdec
      url: "https://pub.dev"
    source: hosted
    version: "0.11.1"
  meta:
    dependency: transitive
    description:
      name: meta
      sha256: bdb68674043280c3428e9ec998512fb681678676b3c54e773629ffe74419f8c7
      url: "https://pub.dev"
    source: hosted
    version: "1.15.0"
  mime:
    dependency: transitive
    description:
      name: mime
      sha256: "801fd0b26f14a4a58ccb09d5892c3fbdeff209594300a542492cf13fba9d247a"
      url: "https://pub.dev"
    source: hosted
    version: "1.0.6"
  oauth2:
    dependency: transitive
    description:
      name: oauth2
      sha256: c4013ef62be37744efdc0861878fd9e9285f34db1f9e331cc34100d7674feb42
      url: "https://pub.dev"
    source: hosted
    version: "2.0.2"
  path:
    dependency: transitive
    description:
      name: path
      sha256: "087ce49c3f0dc39180befefc60fdb4acd8f8620e5682fe2476afd0b3688bb4af"
      url: "https://pub.dev"
    source: hosted
    version: "1.9.0"
  path_provider:
    dependency: transitive
    description:
      name: path_provider
      sha256: "50c5dd5b6e1aaf6fb3a78b33f6aa3afca52bf903a8a5298f53101fdaee55bbcd"
      url: "https://pub.dev"
    source: hosted
    version: "2.1.5"
  path_provider_android:
    dependency: transitive
    description:
      name: path_provider_android
      sha256: "4adf4fd5423ec60a29506c76581bc05854c55e3a0b72d35bb28d661c9686edf2"
      url: "https://pub.dev"
    source: hosted
    version: "2.2.15"
  path_provider_foundation:
    dependency: transitive
    description:
      name: path_provider_foundation
      sha256: "4843174df4d288f5e29185bd6e72a6fbdf5a4a4602717eed565497429f179942"
      url: "https://pub.dev"
    source: hosted
    version: "2.4.1"
  path_provider_linux:
    dependency: transitive
    description:
      name: path_provider_linux
      sha256: f7a1fe3a634fe7734c8d3f2766ad746ae2a2884abe22e241a8b301bf5cac3279
      url: "https://pub.dev"
    source: hosted
    version: "2.2.1"
  path_provider_platform_interface:
    dependency: transitive
    description:
      name: path_provider_platform_interface
      sha256: "88f5779f72ba699763fa3a3b06aa4bf6de76c8e5de842cf6f29e2e06476c2334"
      url: "https://pub.dev"
    source: hosted
    version: "2.1.2"
  path_provider_windows:
    dependency: transitive
    description:
      name: path_provider_windows
      sha256: bd6f00dbd873bfb70d0761682da2b3a2c2fccc2b9e84c495821639601d81afe7
      url: "https://pub.dev"
    source: hosted
    version: "2.3.0"
  petitparser:
    dependency: transitive
    description:
      name: petitparser
      sha256: cb3798bef7fc021ac45b308f4b51208a152792445cce0448c9a4ba5879dd8750
      url: "https://pub.dev"
    source: hosted
    version: "5.4.0"
  platform:
    dependency: transitive
    description:
      name: platform
      sha256: "5d6b1b0036a5f331ebc77c850ebc8506cbc1e9416c27e59b439f917a902a4984"
      url: "https://pub.dev"
    source: hosted
    version: "3.1.6"
  plugin_platform_interface:
    dependency: transitive
    description:
      name: plugin_platform_interface
      sha256: "4820fbfdb9478b1ebae27888254d445073732dae3d6ea81f0b7e06d5dedc3f02"
      url: "https://pub.dev"
    source: hosted
    version: "2.1.8"
  scrollable_positioned_list:
    dependency: transitive
    description:
      name: scrollable_positioned_list
      sha256: "1b54d5f1329a1e263269abc9e2543d90806131aa14fe7c6062a8054d57249287"
      url: "https://pub.dev"
    source: hosted
    version: "0.3.8"
  simple_html_css:
    dependency: "direct main"
    description:
      name: simple_html_css
      sha256: f2c5c63a877f6cbe3f397f1ad9a07d5322b41d1d8a58e5705f06a263dfe4e747
      url: "https://pub.dev"
    source: hosted
    version: "4.0.1"
  sky_engine:
    dependency: transitive
    description: flutter
    source: sdk
    version: "0.0.99"
  source_span:
    dependency: transitive
    description:
      name: source_span
      sha256: "254ee5351d6cb365c859e20ee823c3bb479bf4a293c22d17a9f1bf144ce86f7c"
      url: "https://pub.dev"
    source: hosted
    version: "1.10.1"
  string_scanner:
    dependency: transitive
    description:
      name: string_scanner
      sha256: "921cd31725b72fe181906c6a94d987c78e3b98c2e205b397ea399d4054872b43"
      url: "https://pub.dev"
    source: hosted
    version: "1.4.1"
  term_glyph:
    dependency: transitive
    description:
      name: term_glyph
      sha256: "7f554798625ea768a7518313e58f83891c7f5024f88e46e7182a4558850a4b8e"
      url: "https://pub.dev"
    source: hosted
    version: "1.2.2"
  typed_data:
    dependency: transitive
    description:
      name: typed_data
      sha256: f9049c039ebfeb4cf7a7104a675823cd72dba8297f264b6637062516699fa006
      url: "https://pub.dev"
    source: hosted
    version: "1.4.0"
  url_launcher:
    dependency: transitive
    description:
      name: url_launcher
      sha256: "9d06212b1362abc2f0f0d78e6f09f726608c74e3b9462e8368bb03314aa8d603"
      url: "https://pub.dev"
    source: hosted
    version: "6.3.1"
  url_launcher_android:
    dependency: transitive
    description:
      name: url_launcher_android
      sha256: "6fc2f56536ee873eeb867ad176ae15f304ccccc357848b351f6f0d8d4a40d193"
      url: "https://pub.dev"
    source: hosted
    version: "6.3.14"
  url_launcher_ios:
    dependency: transitive
    description:
      name: url_launcher_ios
      sha256: "7f2022359d4c099eea7df3fdf739f7d3d3b9faf3166fb1dd390775176e0b76cb"
      url: "https://pub.dev"
    source: hosted
    version: "6.3.3"
  url_launcher_linux:
    dependency: transitive
    description:
      name: url_launcher_linux
      sha256: "4e9ba368772369e3e08f231d2301b4ef72b9ff87c31192ef471b380ef29a4935"
      url: "https://pub.dev"
    source: hosted
    version: "3.2.1"
  url_launcher_macos:
    dependency: transitive
    description:
      name: url_launcher_macos
      sha256: "17ba2000b847f334f16626a574c702b196723af2a289e7a93ffcb79acff855c2"
      url: "https://pub.dev"
    source: hosted
    version: "3.2.2"
  url_launcher_platform_interface:
    dependency: transitive
    description:
      name: url_launcher_platform_interface
      sha256: "552f8a1e663569be95a8190206a38187b531910283c3e982193e4f2733f01029"
      url: "https://pub.dev"
    source: hosted
    version: "2.3.2"
  url_launcher_web:
    dependency: transitive
    description:
      name: url_launcher_web
      sha256: "772638d3b34c779ede05ba3d38af34657a05ac55b06279ea6edd409e323dca8e"
      url: "https://pub.dev"
    source: hosted
    version: "2.3.3"
  url_launcher_windows:
    dependency: transitive
    description:
      name: url_launcher_windows
      sha256: "3284b6d2ac454cf34f114e1d3319866fdd1e19cdc329999057e44ffe936cfa77"
      url: "https://pub.dev"
    source: hosted
    version: "3.1.4"
  uuid:
    dependency: transitive
    description:
      name: uuid
      sha256: "648e103079f7c64a36dc7d39369cabb358d377078a051d6ae2ad3aa539519313"
      url: "https://pub.dev"
    source: hosted
    version: "3.0.7"
  vector_math:
    dependency: transitive
    description:
      name: vector_math
      sha256: "80b3257d1492ce4d091729e3a67a60407d227c27241d6927be0130c98e741803"
      url: "https://pub.dev"
    source: hosted
    version: "2.1.4"
  web:
    dependency: transitive
    description:
      name: web
      sha256: "868d88a33d8a87b18ffc05f9f030ba328ffefba92d6c127917a2ba740f9cfe4a"
      url: "https://pub.dev"
    source: hosted
    version: "1.1.1"
  webview_flutter:
    dependency: transitive
    description:
      name: webview_flutter
      sha256: "889a0a678e7c793c308c68739996227c9661590605e70b1f6cf6b9a6634f7aec"
      url: "https://pub.dev"
    source: hosted
    version: "4.10.0"
  webview_flutter_android:
    dependency: transitive
    description:
      name: webview_flutter_android
      sha256: "512c26ccc5b8a571fd5d13ec994b7509f142ff6faf85835e243dde3538fdc713"
      url: "https://pub.dev"
    source: hosted
    version: "4.3.2"
  webview_flutter_platform_interface:
    dependency: transitive
    description:
      name: webview_flutter_platform_interface
      sha256: "7cb32b21825bd65569665c32bb00a34ded5779786d6201f5350979d2d529940d"
      url: "https://pub.dev"
    source: hosted
    version: "2.13.0"
  webview_flutter_web:
    dependency: transitive
    description:
      name: webview_flutter_web
      sha256: "18a7ccc1c31dd9a5c759a1b7217a2a1e04bd8f65712714a4070bfac19a23ca9e"
      url: "https://pub.dev"
    source: hosted
    version: "0.2.3+4"
  webview_flutter_wkwebview:
    dependency: transitive
    description:
      name: webview_flutter_wkwebview
      sha256: a3d461fe3467014e05f3ac4962e5fdde2a4bf44c561cb53e9ae5c586600fdbc3
      url: "https://pub.dev"
    source: hosted
    version: "3.22.0"
  xdg_directories:
    dependency: transitive
    description:
      name: xdg_directories
      sha256: "7a3f37b05d989967cdddcbb571f1ea834867ae2faa29725fd085180e0883aa15"
      url: "https://pub.dev"
    source: hosted
    version: "1.1.0"
  xml:
    dependency: transitive
    description:
      name: xml
      sha256: "5bc72e1e45e941d825fd7468b9b4cc3b9327942649aeb6fc5cdbf135f0a86e84"
      url: "https://pub.dev"
    source: hosted
    version: "6.3.0"
  yaml:
    dependency: transitive
    description:
      name: yaml
      sha256: b9da305ac7c39faa3f030eccd175340f968459dae4af175130b3fc47e40d76ce
      url: "https://pub.dev"
    source: hosted
    version: "3.1.3"
sdks:
  dart: ">=3.5.0 <4.0.0"
  flutter: ">=3.24.0"
